<?xml version="1.0" encoding="utf-8"?>
<Project ToolsVersion="4.0" xmlns="http://schemas.microsoft.com/developer/msbuild/2003">
  <ItemGroup>
    <ClCompile Include="Engine.cpp">
      <Filter>src\Engine</Filter>
    </ClCompile>
    <ClCompile Include="TextureManager.cpp">
      <Filter>src\Texture Manager</Filter>
    </ClCompile>
    <ClCompile Include="Main.cpp">
      <Filter>src</Filter>
    </ClCompile>
    <ClCompile Include="Animation.cpp">
      <Filter>src\Animation</Filter>
    </ClCompile>
    <ClCompile Include="AssetManager.cpp">
      <Filter>src\AssetManager</Filter>
    </ClCompile>
    <ClCompile Include="Map.cpp">
      <Filter>src\Map</Filter>
    </ClCompile>
    <ClCompile Include="Collision.cpp">
      <Filter>src\Collision</Filter>
    </ClCompile>
    <ClCompile Include="EntityManager.cpp">
      <Filter>src\ECS</Filter>
    </ClCompile>
    <ClCompile Include="Entity.cpp">
      <Filter>src\ECS</Filter>
    </ClCompile>
    <ClCompile Include="FontManager.cpp">
      <Filter>src\FontManager</Filter>
    </ClCompile>
  </ItemGroup>
  <ItemGroup>
    <ClInclude Include="Engine.h">
      <Filter>src\Engine</Filter>
    </ClInclude>
    <ClInclude Include="TextureManager.h">
      <Filter>src\Texture Manager</Filter>
    </ClInclude>
    <ClInclude Include="TransformComponent.h">
      <Filter>src\Components</Filter>
    </ClInclude>
    <ClInclude Include="SpriteComponent.h">
      <Filter>src\Components</Filter>
    </ClInclude>
    <ClInclude Include="KeyboardControlComponent.h">
      <Filter>src\Components</Filter>
    </ClInclude>
    <ClInclude Include="Animation.h">
      <Filter>src\Animation</Filter>
    </ClInclude>
    <ClInclude Include="AssetManager.h">
      <Filter>src\AssetManager</Filter>
    </ClInclude>
    <ClInclude Include="Map.h">
      <Filter>src\Map</Filter>
    </ClInclude>
    <ClInclude Include="TileComponent.h">
      <Filter>src\Components</Filter>
    </ClInclude>
    <ClInclude Include="Collision.h">
      <Filter>src\Collision</Filter>
    </ClInclude>
    <ClInclude Include="ColliderComponent.h">
      <Filter>src\Components</Filter>
    </ClInclude>
    <ClInclude Include="Component.h">
      <Filter>src\ECS</Filter>
    </ClInclude>
    <ClInclude Include="EntityManager.h">
      <Filter>src\ECS</Filter>
    </ClInclude>
    <ClInclude Include="Entity.h">
      <Filter>src\ECS</Filter>
    </ClInclude>
    <ClInclude Include="Constants.h">
      <Filter>src</Filter>
    </ClInclude>
    <ClInclude Include="FontManager.h">
      <Filter>src\FontManager</Filter>
    </ClInclude>
    <ClInclude Include="TextLabelComponent.h">
      <Filter>src\Components</Filter>
    </ClInclude>
  </ItemGroup>
  <ItemGroup>
    <Filter Include="src">
      <UniqueIdentifier>{9cf1ff58-4e8b-4b08-8855-58ba5fbef98e}</UniqueIdentifier>
    </Filter>
    <Filter Include="src\Engine">
      <UniqueIdentifier>{2874de1d-48d8-438f-a644-13d332e5d832}</UniqueIdentifier>
    </Filter>
    <Filter Include="src\ECS">
      <UniqueIdentifier>{ae5f9702-61e5-4c17-b422-a557bde8a0a6}</UniqueIdentifier>
    </Filter>
    <Filter Include="src\Map">
      <UniqueIdentifier>{f70889db-3db5-4b15-b891-2ca383b8a27f}</UniqueIdentifier>
    </Filter>
    <Filter Include="src\Texture Manager">
      <UniqueIdentifier>{52dfc6f0-b9c6-4d3f-a37f-76a21795f5e1}</UniqueIdentifier>
    </Filter>
    <Filter Include="src\Components">
      <UniqueIdentifier>{7d02ff30-40f4-4d6f-b6e6-0bf899623eba}</UniqueIdentifier>
    </Filter>
    <Filter Include="src\Animation">
      <UniqueIdentifier>{234a2a65-e92c-4882-a6cf-2a81a9e62b92}</UniqueIdentifier>
    </Filter>
    <Filter Include="src\AssetManager">
      <UniqueIdentifier>{326d3947-e08a-48ca-878d-873a85e9a23d}</UniqueIdentifier>
    </Filter>
    <Filter Include="src\Collision">
      <UniqueIdentifier>{1e9ba522-dc2f-4573-a07e-e0766692dbe6}</UniqueIdentifier>
    </Filter>
    <Filter Include="src\FontManager">
      <UniqueIdentifier>{0fb3f75c-d624-4597-838a-14eed1e66c51}</UniqueIdentifier>
    </Filter>
  </ItemGroup>
  <ItemGroup>
    <ResourceCompile Include="Game Engine.rc">
      <Filter>src</Filter>
    </ResourceCompile>
  </ItemGroup>
</Project>