<?xml version="1.0" encoding="utf-8"?>
<Project ToolsVersion="4.0" xmlns="http://schemas.microsoft.com/developer/msbuild/2003">
  <ItemGroup>
    <ClCompile Include="Engine.cpp">
      <Filter>src\Engine</Filter>
    </ClCompile>
    <ClCompile Include="Entity.cpp">
      <Filter>src\ECS</Filter>
    </ClCompile>
    <ClCompile Include="EntityManager.cpp">
      <Filter>src\ECS</Filter>
    </ClCompile>
    <ClCompile Include="TextureManager.cpp">
      <Filter>src\Texture Manager</Filter>
    </ClCompile>
    <ClCompile Include="Main.cpp">
      <Filter>src</Filter>
    </ClCompile>
    <ClCompile Include="AssetManager.cpp" />
    <ClCompile Include="Animation.cpp" />
  </ItemGroup>
  <ItemGroup>
    <ClInclude Include="Engine.h">
      <Filter>src\Engine</Filter>
    </ClInclude>
    <ClInclude Include="Entity.h">
      <Filter>src\ECS</Filter>
    </ClInclude>
    <ClInclude Include="Component.h">
      <Filter>src\ECS</Filter>
    </ClInclude>
    <ClInclude Include="EntityManager.h">
      <Filter>src\ECS</Filter>
    </ClInclude>
    <ClInclude Include="TextureManager.h">
      <Filter>src\Texture Manager</Filter>
    </ClInclude>
    <ClInclude Include="TransformComponent.h">
      <Filter>src\Components</Filter>
    </ClInclude>
    <ClInclude Include="AssetManager.h" />
    <ClInclude Include="SpriteComponent.h">
      <Filter>src\Components</Filter>
    </ClInclude>
    <ClInclude Include="Animation.h" />
  </ItemGroup>
  <ItemGroup>
    <Filter Include="src">
      <UniqueIdentifier>{9cf1ff58-4e8b-4b08-8855-58ba5fbef98e}</UniqueIdentifier>
    </Filter>
    <Filter Include="src\Engine">
      <UniqueIdentifier>{2874de1d-48d8-438f-a644-13d332e5d832}</UniqueIdentifier>
    </Filter>
    <Filter Include="src\ECS">
      <UniqueIdentifier>{ae5f9702-61e5-4c17-b422-a557bde8a0a6}</UniqueIdentifier>
    </Filter>
    <Filter Include="src\Map">
      <UniqueIdentifier>{f70889db-3db5-4b15-b891-2ca383b8a27f}</UniqueIdentifier>
    </Filter>
    <Filter Include="src\Texture Manager">
      <UniqueIdentifier>{52dfc6f0-b9c6-4d3f-a37f-76a21795f5e1}</UniqueIdentifier>
    </Filter>
    <Filter Include="src\Components">
      <UniqueIdentifier>{7d02ff30-40f4-4d6f-b6e6-0bf899623eba}</UniqueIdentifier>
    </Filter>
  </ItemGroup>
  <ItemGroup>
    <ResourceCompile Include="Hounted House.rc">
      <Filter>src</Filter>
    </ResourceCompile>
  </ItemGroup>
</Project>